version = 1
revision = 3
requires-python = ">=3.13, <3.15"

[[package]]
name = "colorama"
version = "0.4.6"
source = { registry = "https://pypi.org/simple" }
sdist = { url = "https://files.pythonhosted.org/packages/d8/53/6f443c9a4a8358a93a6792e2acffb9d9d5cb0a5cfd8802644b7b1c9a02e4/colorama-0.4.6.tar.gz", hash = "sha256:08695f5cb7ed6e0531a20572697297273c47b8cae5a63ffc6d6ed5c201be6e44", size = 27697, upload-time = "2022-10-25T02:36:22.414Z" }
wheels = [
    { url = "https://files.pythonhosted.org/packages/d1/d6/3965ed04c63042e047cb6a3e6ed1a63a35087b6a609aa3a15ed8ac56c221/colorama-0.4.6-py2.py3-none-any.whl", hash = "sha256:4f1d9991f5acc0ca119f9d443620b77f9d6b33703e51011c16baf57afb285fc6", size = 25335, upload-time = "2022-10-25T02:36:20.889Z" },
]

[[package]]
name = "iniconfig"
version = "2.3.0"
source = { registry = "https://pypi.org/simple" }
sdist = { url = "https://files.pythonhosted.org/packages/72/34/14ca021ce8e5dfedc35312d08ba8bf51fdd999c576889fc2c24cb97f4f10/iniconfig-2.3.0.tar.gz", hash = "sha256:c76315c77db068650d49c5b56314774a7804df16fee4402c1f19d6d15d8c4730", size = 20503, upload-time = "2025-10-18T21:55:43.219Z" }
wheels = [
    { url = "https://files.pythonhosted.org/packages/cb/b1/3846dd7f199d53cb17f49cba7e651e9ce294d8497c8c150530ed11865bb8/iniconfig-2.3.0-py3-none-any.whl", hash = "sha256:f631c04d2c48c52b84d0d0549c99ff3859c98df65b3101406327ecc7d53fbf12", size = 7484, upload-time = "2025-10-18T21:55:41.639Z" },
]

[[package]]
name = "lxml"
version = "6.1.3"
source = { registry = "https://pypi.org/simple" }
sdist = { url = "https://files.pythonhosted.org/packages/23/ad/28ecd7cb894d172f3c9c80a075eeeb2017ac62e3632cee05a5f9493547eb/lxml-6.1.3.tar.gz", hash = "sha256:45222d94ddd511536f3b2f7d9deae3b2339b4ce0f075f1ca25703b07cad9dd21", size = 4211198, upload-time = "2026-09-02T14:48:02.287Z" }
wheels = [
    { url = "https://files.pythonhosted.org/packages/52/05/3ef45db776baea068044c799bbba68f3ca00a440c0e930a17c572f3d9639/lxml-6.1.3-cp313-cp313-macosx_10_13_universal2.whl", hash = "sha256:3a48093cdb058a93af842ede9703520e810b05dcd0fc6d7190a06376c3bfb6bd", size = 8590357, upload-time = "2026-09-02T14:48:17.413Z" },
    { url = "https://files.pythonhosted.org/packages/8c/a5/eee2fc77eee5ea68e4a4334b1def1781a3beaeefd3d98e81b4a38dc447b7/lxml-6.1.3-cp313-cp313-macosx_10_13_x86_64.whl", hash = "sha256:887c021d9a977cff89cb273047c1352997b772a8908a25c21836861f69b92be1", size = 4632616, upload-time = "2026-09-02T14:48:20.745Z" },
    { url = "https://files.pythonhosted.org/packages/35/42/df27b56848acd29d8a720acc28977911aab36f2a09df4208d5502e887415/lxml-6.1.3-cp313-cp313-manylinux2014_aarch64.manylinux_2_17_aarch64.whl", hash = "sha256:611a51e61c92f62345a50b0035df6fc0d678f9299f33728826d831598862f59d", size = 4936186, upload-time = "2026-09-02T14:48:22.94Z" },
    { url = "https://files.pythonhosted.org/packages/ab/8d/8a7b91df0b54d09d25f5f44885d6b3e0a6d6643a8c070191580318d20c42/lxml-6.1.3-cp313-cp313-manylinux2014_x86_64.manylinux_2_17_x86_64.whl", hash = "sha256:b477912f42c5c33405a10c759d22f80cf5af043ae02d95b9d8e5e5bc555739ed", size = 5093324, upload-time = "2026-09-02T14:48:25.132Z" },
    { url = "https://files.pythonhosted.org/packages/c6/7e/8f340ddcd43790332fb0de8a26628d571a492da3300cd191821698407c96/lxml-6.1.3-cp313-cp313-manylinux_2_26_aarch64.manylinux_2_28_aarch64.whl", hash = "sha256:5cffe18571ccc51d742cd08cbb3f8b756de9311d18c7ea98f5d92f37b8fb60c2", size = 4998850, upload-time = "2026-09-02T14:48:27.394Z" },
    { url = "https://files.pythonhosted.org/packages/c5/c1/9c5bb572f1f09ec9e4322bd4a4e9f4ad48347fc56ef94cf4df58a5279dc8/lxml-6.1.3-cp313-cp313-manylinux_2_26_ppc64le.manylinux_2_28_ppc64le.whl", hash = "sha256:75cc6569e86be5785b6188ef1642670c6adbc984e81ec35e224842ecd9eefcc8", size = 5626813, upload-time = "2026-09-02T14:48:29.61Z" },
    { url = "https://files.pythonhosted.org/packages/ac/7d/8bf1fd8bae8247743968bb76d027a1ac5bd2c4b44495fba6a71b30d10706/lxml-6.1.3-cp313-cp313-manylinux_2_26_x86_64.manylinux_2_28_x86_64.whl", hash = "sha256:d85dfab42dd672f87a7f76e9de7172962aee69fa12044f0d6e1a23cbd53fb80e", size = 5232385, upload-time = "2026-09-02T14:48:31.969Z" },
    { url = "https://files.pythonhosted.org/packages/7b/2e/6cef69ed81cb7df0d03b0dd09d08e6e2cf5061a743ff6f42f0b741548e9b/lxml-6.1.3-cp313-cp313-manylinux_2_28_i686.whl", hash = "sha256:42632b4024ab24a6b488f559ac851312509888b6b80ae2aa11cf29a646a0d245", size = 5347088, upload-time = "2026-09-02T14:48:34.13Z" },
    { url = "https://files.pythonhosted.org/packages/5f/e1/8e5fd8ddc8c7d685badb0f2db149e3c9da84eefc2827c01c658df2c4e3cb/lxml-6.1.3-cp313-cp313-manylinux_2_31_armv7l.whl", hash = "sha256:febd35ef45f603c2d74b74655efdbf45e14f55fc0aef4ac82b663ca829b283e0", size = 4707227, upload-time = "2026-09-02T14:48:36.62Z" },
    { url = "https://files.pythonhosted.org/packages/7a/7e/00041382a11be40a88bf405ebff11c8efabd3de79f2691e1638b1c47a8a0/lxml-6.1.3-cp313-cp313-manylinux_2_38_riscv64.manylinux_2_39_riscv64.whl", hash = "sha256:a43b3bdf11e477dc7770609d3477316f974354dfc8425d596f64f471cc8daf6e", size = 5240208, upload-time = "2026-09-02T14:48:38.893Z" },
    { url = "https://files.pythonhosted.org/packages/fd/fe/316538b5cff0936fa63d45d421c655730fcbb5a28dcac728c175083002bc/lxml-6.1.3-cp313-cp313-musllinux_1_2_aarch64.whl", hash = "sha256:5d582042c69857c364e8153de6e18e0da9b7b515a6a8113caf69a6ec8e0520f2", size = 5050271, upload-time = "2026-09-02T14:48:41.213Z" },
    { url = "https://files.pythonhosted.org/packages/c9/91/455bcccb3ac725373007344d351151810cd19762d1673b64b811f4359a42/lxml-6.1.3-cp313-cp313-musllinux_1_2_armv7l.whl", hash = "sha256:8e49a646acfab83c68974f4aa1d0a2acca9e88d7d627ae0fc13201b14b76d310", size = 4780433, upload-time = "2026-09-02T14:48:43.779Z" },
    { url = "https://files.pythonhosted.org/packages/cb/f6/580440e2f52cf00bba5c5e1080bfa88cdfcde73be71a11d95170ddbb663f/lxml-6.1.3-cp313-cp313-musllinux_1_2_ppc64le.whl", hash = "sha256:0dee106e9aa97fb00541b1ed7827070564d0549c3d3fba8920e6b20fd980f748", size = 5645928, upload-time = "2026-09-02T14:48:46.187Z" },
    { url = "https://files.pythonhosted.org/packages/f6/dc/d123c1f244306543d545f62443f794959e4f1ea709fe100f8740d514e74a/lxml-6.1.3-cp313-cp313-musllinux_1_2_riscv64.whl", hash = "sha256:dd5e90f34cffcfed97f36cf066325773d2b6021c60c29942e53a18b028501b1d", size = 5231184, upload-time = "2026-09-02T14:48:48.691Z" },
    { url = "https://files.pythonhosted.org/packages/c3/3c/fe55b2bd5c6113c906511cd88f6a470195c5fbff1124f19970ab706c3477/lxml-6.1.3-cp313-cp313-musllinux_1_2_x86_64.whl", hash = "sha256:d9b3e7d71bf6acff341233417abbdface29c647e3113892d9aaedc02eb4aa2bc", size = 5255814, upload-time = "2026-09-02T14:48:50.948Z" },
    { url = "https://files.pythonhosted.org/packages/e7/a7/485df55acf55dc35e4ca89d2f48f03889e5a3241826b18b85102b32ce9d8/lxml-6.1.3-cp313-cp313-win32.whl", hash = "sha256:160fcf381f76c3aeac28a756bec44f48942a8f7245a87aa28e3a523b4d90cd87", size = 3602214, upload-time = "2026-09-02T14:48:53.236Z" },
    { url = "https://files.pythonhosted.org/packages/c0/28/e46a7702bd95e9043291f7c3539b6184cba66f96cea9936f20939b284eeb/lxml-6.1.3-cp313-cp313-win_amd64.whl", hash = "sha256:e477aca0bc0d19f3b4ae9e4f2a1cfd687c31bf772d78734910658186b40b2477", size = 4004091, upload-time = "2026-09-02T14:48:55.699Z" },
    { url = "https://files.pythonhosted.org/packages/8a/1d/154c78e20479a43916e63f19cb720d83f44f024b03228be44c92d9a97b24/lxml-6.1.3-cp313-cp313-win_arm64.whl", hash = "sha256:b1cc980905221a5d8b3c476330730b3adb40ff80add71ffbdb6215ba055656f1", size = 3665468, upload-time = "2026-09-02T14:48:57.703Z" },
    { url = "https://files.pythonhosted.org/packages/0c/15/fc75a70b0af6021d0ea16811f1fc71cc42cd06ce90fe10f007a69b2eed84/lxml-6.1.3-cp314-cp314-macosx_10_15_universal2.whl", hash = "sha256:2bec13085dc8ef48a3fe62f7dfcacfeda2c785cdf19cc8eeda2bb9ed081da165", size = 8609725, upload-time = "2026-09-02T14:49:00.156Z" },
    { url = "https://files.pythonhosted.org/packages/84/ef/398fcf9018f881ec9aeaafae1ddd6586dfb13314a35d35e899de373dcae0/lxml-6.1.3-cp314-cp314-macosx_10_15_x86_64.whl", hash = "sha256:4f4db7c7e954d289d71878938348b3d91b904a3e8210a11939359fb758a58e7d", size = 4639629, upload-time = "2026-09-02T14:49:02.81Z" },
    { url = "https://files.pythonhosted.org/packages/a7/2d/49b6a6ad7ce8f64b07b9fe852ff0c6d3fcbb26db61bee4f63d4120180a1c/lxml-6.1.3-cp314-cp314-manylinux2014_aarch64.manylinux_2_17_aarch64.whl", hash = "sha256:2cae5d5c90a62d9139c512a0cb1aad1d182b022b5740daea2617eb5bf7fc658e", size = 4965074, upload-time = "2026-09-02T14:49:05.133Z" },
    { url = "https://files.pythonhosted.org/packages/66/bc/6230cf80e4331c33383b0b6b73dc31a393dd76edd4cb73d761de5123034d/lxml-6.1.3-cp314-cp314-manylinux2014_x86_64.manylinux_2_17_x86_64.whl", hash = "sha256:c6c0c13128a32eb04a51357e56a094e13aa8e6d3d1884de2e9ae923f6915e1a8", size = 5099355, upload-time = "2026-09-02T14:49:07.343Z" },
    { url = "https://files.pythonhosted.org/packages/ac/cf/d1143d9b7717e07a82f158a1fc9ce6e581fdad1226734950af869e3ffde4/lxml-6.1.3-cp314-cp314-manylinux_2_26_aarch64.manylinux_2_28_aarch64.whl", hash = "sha256:2221e88679d1351e9a40aaee54bc65679b9795bbd0160bc3d5e36b163344eb75", size = 5036795, upload-time = "2026-09-02T14:49:09.65Z" },
    { url = "https://files.pythonhosted.org/packages/31/6f/194bb00ffb89712c30f5a7e1b8e685590e140fad6c8261fec172c09a3dc0/lxml-6.1.3-cp314-cp314-manylinux_2_26_ppc64le.manylinux_2_28_ppc64le.whl", hash = "sha256:cfb398886a7eb4c719161c3efcff2a1248febc53a4d8e5072d2d8a87fed84ac9", size = 5658740, upload-time = "2026-09-02T14:49:11.9Z" },
    { url = "https://files.pythonhosted.org/packages/e9/44/27e3cee3dcdb3b7bc09727b642bdbfcd098490ea77df04611db9060d7722/lxml-6.1.3-cp314-cp314-manylinux_2_26_x86_64.manylinux_2_28_x86_64.whl", hash = "sha256:a7eb78ba28b187e1e9203a55c60fcf70df2d22cb205fe6d51b9383d6097419f0", size = 5245991, upload-time = "2026-09-02T14:49:14.154Z" },
    { url = "https://files.pythonhosted.org/packages/ca/e9/8312560579fc980bbd2233a8a673cc46f7d613d3633f2bf08a21e8f4ad13/lxml-6.1.3-cp314-cp314-manylinux_2_28_i686.whl", hash = "sha256:ea6b1e9105b4b24a34c722432d9fb578f9ed83af21fa1abda639011e0f22bbb6", size = 5354136, upload-time = "2026-09-02T14:49:16.459Z" },
    { url = "https://files.pythonhosted.org/packages/74/d8/eda60f4f73a9c780b5d6e1175484f66e6c81a2c93346e2906a1fec9c7a02/lxml-6.1.3-cp314-cp314-manylinux_2_31_armv7l.whl", hash = "sha256:e8b17e23df3e827a69d25af70990ca2420e92668aaffaeeb3cd2351d7916a023", size = 4704379, upload-time = "2026-09-02T14:49:19.032Z" },
    { url = "https://files.pythonhosted.org/packages/ba/c8/c9cc60057be78ac34bd2b842e45e6e88edbfe5e532e82c3b82381b7aab49/lxml-6.1.3-cp314-cp314-manylinux_2_38_riscv64.manylinux_2_39_riscv64.whl", hash = "sha256:1b7c37339d7e75cab9a123a04248e243cefefb302ad6db566ea0c77cbcde421e", size = 5258676, upload-time = "2026-09-02T14:49:21.306Z" },
    { url = "https://files.pythonhosted.org/packages/41/7b/66894008fee8d1785b8db129747ae963fd427b68f456918df7f2f24a8b98/lxml-6.1.3-cp314-cp314-musllinux_1_2_aarch64.whl", hash = "sha256:83e3a51e7933db700a0da0db31849db3a24022d9970da9bb73001e1d0326fd92", size = 5090069, upload-time = "2026-09-02T14:49:23.562Z" },
    { url = "https://files.pythonhosted.org/packages/8b/31/c1b60404859f4c3cd1f41f29c65a24e25cea78fde822d9574a21f66810be/lxml-6.1.3-cp314-cp314-musllinux_1_2_armv7l.whl", hash = "sha256:9bde9ae026a55b9a192078dfa6e27dd0ca4a050171ab6272e92f97b757dfdf48", size = 4741958, upload-time = "2026-09-02T14:49:26.037Z" },
    { url = "https://files.pythonhosted.org/packages/23/b8/6285f0cf546f14da2554cabdeaf7c2c2ff3190c74807f0de2e8810a786f9/lxml-6.1.3-cp314-cp314-musllinux_1_2_ppc64le.whl", hash = "sha256:1a635e837b50a1819bebfedaac5916498ea024120969da8790500148fb0a894d", size = 5683245, upload-time = "2026-09-02T14:49:28.438Z" },
    { url = "https://files.pythonhosted.org/packages/d3/f6/2168cab44336dcb15fed0f0b78577225b83297cdf0dee349c95420c3dcb0/lxml-6.1.3-cp314-cp314-musllinux_1_2_riscv64.whl", hash = "sha256:d0c5c362bc94f1929dc7e96e715bbe7bd17037f802e6d8f0d1545df9133c0559", size = 5246087, upload-time = "2026-09-02T14:49:30.955Z" },
    { url = "https://files.pythonhosted.org/packages/f5/89/32f5de69a0a31f30e6164981851f87b37ecb2c4ee838e504b88d49d4818e/lxml-6.1.3-cp314-cp314-musllinux_1_2_x86_64.whl", hash = "sha256:c59e4265608da6a041f54646ecc0c9ecdbb19aaf14c4c684bb6c2114998cc415", size = 5269352, upload-time = "2026-09-02T14:49:33.502Z" },
    { url = "https://files.pythonhosted.org/packages/a2/a1/741d952ed3a7ef7a50055c6415aec3f067015e97f72f4389ce77b09657ba/lxml-6.1.3-cp314-cp314-win32.whl", hash = "sha256:2e62c569ec7531b679b184cbfe335c501c1d13c4b363560013019962eb630e6d", size = 3662783, upload-time = "2026-09-02T14:50:23.751Z" },
    { url = "https://files.pythonhosted.org/packages/0f/bc/5811cc73cac05e324e05ba9b0924e1a163a317a167ede8a9c748b11db30a/lxml-6.1.3-cp314-cp314-win_amd64.whl", hash = "sha256:66299564c046bc7e0cc5de5106601eae907e9fa5904cd68a323380a8502f7861", size = 4073951, upload-time = "2026-09-02T14:50:26.348Z" },
    { url = "https://files.pythonhosted.org/packages/92/18/3768c8b01ac3a9bed1914715e6011711b00e2a11628ffa6f7fa37f8e0269/lxml-6.1.3-cp314-cp314-win_arm64.whl", hash = "sha256:ebd054ad1737a68fb7c5c073d405cef2b88bb824e294de3b4a4e995b47f0e376", size = 3749279, upload-time = "2026-09-02T14:50:28.749Z" },
    { url = "https://files.pythonhosted.org/packages/72/38/84684784738d9451db2b330de2483f496690c3a5c642071df24135739b37/lxml-6.1.3-cp314-cp314t-macosx_10_15_universal2.whl", hash = "sha256:5a143e6207579de8baeded4eaac9134413200359f1969d636f0bfb98ee8c3c8f", size = 8860296, upload-time = "2026-09-02T14:49:36.346Z" },
    { url = "https://files.pythonhosted.org/packages/24/b7/fc4c50bb1b38e864010ea396046cabe85129bf9e65b11edcfbc37d356241/lxml-6.1.3-cp314-cp314t-macosx_10_15_x86_64.whl", hash = "sha256:a1cec0f99b9b914d39176347a93b7610dc09324491aee1cbc57cd291a41a1d55", size = 4755190, upload-time = "2026-09-02T14:49:39.872Z" },
    { url = "https://files.pythonhosted.org/packages/94/e2/ee9aa6ed2b666b2db1f6f7fd48964ff9da39ebe827ef5eac0ab881f639d9/lxml-6.1.3-cp314-cp314t-manylinux2014_aarch64.manylinux_2_17_aarch64.whl", hash = "sha256:f6b9d2aad499c769ee8287609ab0e6de99d8bcea99c6e6c2e64945259fd52fb2", size = 4979517, upload-time = "2026-09-02T14:49:42.153Z" },
    { url = "https://files.pythonhosted.org/packages/29/e3/e7763d1661b283ddd4fa36f91b9a497db6b8d2aff55028b16c7f642e0755/lxml-6.1.3-cp314-cp314t-manylinux2014_x86_64.manylinux_2_17_x86_64.whl", hash = "sha256:28a23fefdb345b2d4d0ff2860571b5ff9a89a28b6a120f720e8fb0324d346626", size = 5115270, upload-time = "2026-09-02T14:49:44.493Z" },
    { url = "https://files.pythonhosted.org/packages/2d/cd/22205d5b4d177e3f4156f780412426ee7c7f8107809f119f0dcc40fa51e3/lxml-6.1.3-cp314-cp314t-manylinux_2_26_aarch64.manylinux_2_28_aarch64.whl", hash = "sha256:545ccc14fb05485f48b4439ec35beb16d5b5280eb6c81c658bd4707a2a119414", size = 5032449, upload-time = "2026-09-02T14:49:46.841Z" },
    { url = "https://files.pythonhosted.org/packages/da/43/06a4626c3bb79ef8c501b674afab8100d64e798665bb2a97d1c960636a49/lxml-6.1.3-cp314-cp314t-manylinux_2_26_ppc64le.manylinux_2_28_ppc64le.whl", hash = "sha256:93476b6514b373fc6ca67d26c442784f7807c86f00635bfe79f935c3eab2af17", size = 5603325, upload-time = "2026-09-02T14:49:49.664Z" },
    { url = "https://files.pythonhosted.org/packages/d0/9c/733682a0c2de9f5779ba207bbb3f3f6be8c6bda863fc01739b186b38783a/lxml-6.1.3-cp314-cp314t-manylinux_2_26_x86_64.manylinux_2_28_x86_64.whl", hash = "sha256:8db38ff3fb7aee7d6a82ae4da2eef1178656fe1216841fbd24870062a9d60473", size = 5229023, upload-time = "2026-09-02T14:49:52.447Z" },
    { url = "https://files.pythonhosted.org/packages/c6/8a/e69cdaca3fd33a647942925664f01b20908d41a6968c182305be9c38fb11/lxml-6.1.3-cp314-cp314t-manylinux_2_28_i686.whl", hash = "sha256:25f4118c438f96bb466e83108506d03d5c31b1bd2387e83e5b070bda6ded9c37", size = 5317811, upload-time = "2026-09-02T14:49:55.25Z" },
    { url = "https://files.pythonhosted.org/packages/2e/b2/0c397588174403c2ab68fc464abf97e03e7324f9c6cb6a99023104707195/lxml-6.1.3-cp314-cp314t-manylinux_2_31_armv7l.whl", hash = "sha256:1beb0f9909b26cee938df9ba56b15252a84429b1fc30ce6fca161390b9789a70", size = 4646516, upload-time = "2026-09-02T14:49:57.761Z" },
    { url = "https://files.pythonhosted.org/packages/56/7e/cfea25afafbe49db8b225764f7f74bb37c2a7f5e717d917d3d4a5e098ed4/lxml-6.1.3-cp314-cp314t-manylinux_2_38_riscv64.manylinux_2_39_riscv64.whl", hash = "sha256:3a27ac6c780c8b8a1cd231b58407634cafc1c4cc28cd6c7141362df0f36351e7", size = 5240626, upload-time = "2026-09-02T14:50:00.279Z" },
    { url = "https://files.pythonhosted.org/packages/a1/75/7a587771bb52ebb0e2c57b6dbe9fd96a70fbb54d72ddd97d54c5f8ec18d5/lxml-6.1.3-cp314-cp314t-musllinux_1_2_aarch64.whl", hash = "sha256:a1932d7ce78a561367512c594fe66eac2b2ec9b9264cfd9b5f950622f4a116e2", size = 5086619, upload-time = "2026-09-02T14:50:03.245Z" },
    { url = "https://files.pythonhosted.org/packages/1e/01/94c0ebe6d831861542d251e038052e52bf6d33f1d18f1cfffdc82851065a/lxml-6.1.3-cp314-cp314t-musllinux_1_2_armv7l.whl", hash = "sha256:7d0f5976aa2701996f759b30172925829867547bb073af0ae67d1307a0f0262c", size = 4758828, upload-time = "2026-09-02T14:50:05.873Z" },
    { url = "https://files.pythonhosted.org/packages/1f/f1/938d67bd0e5b1fdfa52be28aefdffbad57e1f6b8e921c2aab88542c75f40/lxml-6.1.3-cp314-cp314t-musllinux_1_2_ppc64le.whl", hash = "sha256:c5e7ce578aa8a80910a72a8ca0bbea3baae10100827249001999726a788456d8", size = 5627083, upload-time = "2026-09-02T14:50:08.555Z" },
    { url = "https://files.pythonhosted.org/packages/d8/65/4e51522f6c214650db0abb7b16ccd11b1238b8a05a8d59aa4ebed59c9f67/lxml-6.1.3-cp314-cp314t-musllinux_1_2_riscv64.whl", hash = "sha256:d97c5227621af74b111882a290b10f371780a38eef9d9e730408fba2259b52fb", size = 5235170, upload-time = "2026-09-02T14:50:11.255Z" },
    { url = "https://files.pythonhosted.org/packages/92/c2/e73d19365665f6b16ef84df21199befc3b06e4c539046ad2d9595f6fb9ea/lxml-6.1.3-cp314-cp314t-musllinux_1_2_x86_64.whl", hash = "sha256:da707f14ea3c35ee463d50acd596d6488e4b2b4ae7cf77a5bf93f55c023d63e8", size = 5252273, upload-time = "2026-09-02T14:50:13.782Z" },
    { url = "https://files.pythonhosted.org/packages/48/a9/7f386c84c9fe2854e1ca6e231c285e1c8f392971ac353c6865e6ec49faff/lxml-6.1.3-cp314-cp314t-win32.whl", hash = "sha256:9efe56a68179f3adc4de41861c9358931db03837c48dd5e1c78077b84dd07f3a", size = 3902712, upload-time = "2026-09-02T14:50:16.171Z" },
    { url = "https://files.pythonhosted.org/packages/82/a6/8a3eb793f7900ef01c7f99e6f5fcbcfbdff35251cfaef66b32a4c16352d6/lxml-6.1.3-cp314-cp314t-win_amd64.whl", hash = "sha256:c9389b3784b56c58d933b5e0aecdf28f901b073ff385358d8a7d40907f6e14b2", size = 4400979, upload-time = "2026-09-02T14:50:18.621Z" },
    { url = "https://files.pythonhosted.org/packages/cc/c4/3807bea283b4fe9e9d9f5dde46a73df91178472b335d2778e10b2a37aa22/lxml-6.1.3-cp314-cp314t-win_arm64.whl", hash = "sha256:32a409be3190b088f960ac92bfedfbef2f86c49ff940765e1548177592d20026", size = 3823401, upload-time = "2026-09-02T14:50:21.119Z" },
]

[[package]]
name = "orjson"
version = "3.12.0"
source = { registry = "https://pypi.org/simple" }
sdist = { url = "https://files.pythonhosted.org/packages/0f/f3/742fb1f62b825f2c010697eaf4e828004bc2a81e7e806666989c132c7c42/orjson-3.12.0.tar.gz", hash = "sha256:d14203fb1aae2ad9b3d52f8a0e82aeb10197ef1c9bc61da7f358bd70b00123d5", size = 4142915, upload-time = "2026-08-14T16:13:30.607Z" }
wheels = [
    { url = "https://files.pythonhosted.org/packages/54/cb/d7b78218a987eb8a8ce4eeae0286b1bb679333eb631ea0eeaf6371680bfc/orjson-3.12.0-cp313-cp313-macosx_10_15_x86_64.macosx_11_0_arm64.macosx_10_15_universal2.whl", hash = "sha256:9a36ec60f1796f9a3f13e3b98390295e17a1c7c10155b448d264098bf9ee5900", size = 223397, upload-time = "2026-08-14T16:12:44.003Z" },
    { url = "https://files.pythonhosted.org/packages/f8/4a/bc87c45e7ec639d35ebefd62618e01939531ac8e171426606a01bda05914/orjson-3.12.0-cp313-cp313-macosx_15_0_arm64.whl", hash = "sha256:ad0422b92d5195443a39f80c3bcf731cc2e00f153bd32063a47b73b057bd0f03", size = 123662, upload-time = "2026-08-14T16:12:45.433Z" },
    { url = "https://files.pythonhosted.org/packages/94/ee/c9a4ff3f2dbedbbe9e635d0fa72c8866adede09b6335ef9644f53752f0d8/orjson-3.12.0-cp313-cp313-manylinux2014_armv7l.manylinux_2_17_armv7l.whl", hash = "sha256:5a0fdbc216388f653d3752ff310e710f59253bd4ed6a2bfb3f4f06b84714bbd8", size = 113374, upload-time = "2026-08-14T16:12:46.755Z" },
    { url = "https://files.pythonhosted.org/packages/75/09/3f330a026a796c8b4c97a6f429652a5e912e7065039bf96ed25e42aa7b25/orjson-3.12.0-cp313-cp313-manylinux2014_i686.manylinux_2_17_i686.whl", hash = "sha256:2eb5c56e534127b2b8fa38d2363c8b1b8190367ee0d1d16c041517d880843b94", size = 130029, upload-time = "2026-08-14T16:12:48.06Z" },
    { url = "https://files.pythonhosted.org/packages/7d/40/094cc53126a3d22f76cdf83b6ea67338bed01d774037621a785aa8e6e5ea/orjson-3.12.0-cp313-cp313-manylinux_2_17_aarch64.manylinux2014_aarch64.whl", hash = "sha256:784106539f4b9d4b930e0b4eb8d45168507dae001945e71b4675a367f1e5e806", size = 130528, upload-time = "2026-08-14T16:12:49.362Z" },
    { url = "https://files.pythonhosted.org/packages/bc/74/89bb236deb9565f99434b13052bb40ddfcce4adf3afbfa3132ee7e421468/orjson-3.12.0-cp313-cp313-manylinux_2_17_x86_64.manylinux2014_x86_64.whl", hash = "sha256:1c680706fc8396d95e7c4c1f9482563f552137aef91b57237a3ad5aaf64629df", size = 131075, upload-time = "2026-08-14T16:12:50.692Z" },
    { url = "https://files.pythonhosted.org/packages/0c/ac/1176360d762c01b5bd34acd56fc098e936c491363d8b6b397ad4aa475547/orjson-3.12.0-cp313-cp313-musllinux_1_2_aarch64.whl", hash = "sha256:83445adc40cba26d6d621185a45128ce455b766af368cad2ab64b970603a7978", size = 135321, upload-time = "2026-08-14T16:12:52.114Z" },
    { url = "https://files.pythonhosted.org/packages/7a/02/bbd881c8b9276d50b998de38b4e97de8ace1aac940b0ee545aedbf65ed00/orjson-3.12.0-cp313-cp313-musllinux_1_2_x86_64.whl", hash = "sha256:644d005bc82f917337a95ce270c9f6f92f9834c2bed7b1477572f8db00784222", size = 127472, upload-time = "2026-08-14T16:12:53.517Z" },
    { url = "https://files.pythonhosted.org/packages/8e/02/a0934d7503e6dcbedd6afac3e7f3f8597fd09389949ad94d0f7540e9dbca/orjson-3.12.0-cp313-cp313-win32.whl", hash = "sha256:d8e78d3d93705e3d27cc17cdb209e44d7a8ea203010cac6ce9c7ffc1ae1996f1", size = 128000, upload-time = "2026-08-14T16:12:55.14Z" },
    { url = "https://files.pythonhosted.org/packages/52/87/69f98f8d40faff103a965a5fbb83f08241b01beaf92badb5413fbc9358cc/orjson-3.12.0-cp313-cp313-win_amd64.whl", hash = "sha256:b85931be5b6763c31283805c9bdaae1ca03ad9f6f12a15f1cbf6745b907932c2", size = 121841, upload-time = "2026-08-14T16:12:56.507Z" },
    { url = "https://files.pythonhosted.org/packages/e6/07/b83046a4e3cadcc0987d0f160696107c4af706a619b56e4ad01940cadadf/orjson-3.12.0-cp313-cp313-win_arm64.whl", hash = "sha256:6a31348d7dfa64cd9c78bd1f510ff44c48fe64d71094e6b90e364dba3b55949e", size = 126765, upload-time = "2026-08-14T16:12:57.806Z" },
    { url = "https://files.pythonhosted.org/packages/12/9d/3931253e6f3148abf2cbe14830367042a4806b362ea520df2303db188fb9/orjson-3.12.0-cp314-cp314-macosx_10_15_x86_64.macosx_11_0_arm64.macosx_10_15_universal2.whl", hash = "sha256:9e6fee342a48760e854d743e7a81534d8e2925a6f46e09f750cf56b50fd1de5d", size = 223391, upload-time = "2026-08-14T16:12:59.184Z" },
    { url = "https://files.pythonhosted.org/packages/8a/0e/b4a4f1e305367245877b967a0bad70fcf001d77c54ac4339a120b66fdae4/orjson-3.12.0-cp314-cp314-macosx_15_0_arm64.whl", hash = "sha256:8c3bb86dd10f39b3fbf434b7d5dc7cac77d6fc8ac572ae30a10731ede2c4b647", size = 123659, upload-time = "2026-08-14T16:13:00.548Z" },
    { url = "https://files.pythonhosted.org/packages/96/f3/6782c6fa85e2702bc66be183c3b421486167dcf266ee4dc1403fe3824870/orjson-3.12.0-cp314-cp314-manylinux2014_armv7l.manylinux_2_17_armv7l.whl", hash = "sha256:2bb3ce43203936072dd8b4917b01d3aecfc02329bfb42510cb7cfb24708adc9c", size = 113337, upload-time = "2026-08-14T16:13:02.009Z" },
    { url = "https://files.pythonhosted.org/packages/bf/79/b32ab64bacda9d0fa4942ef483bd03cabf0eaf2be819ca9fb7ff610c559d/orjson-3.12.0-cp314-cp314-manylinux2014_i686.manylinux_2_17_i686.whl", hash = "sha256:6a2a79c89984dc719817d388c8709e0efc2a2795a934eaa746b4882eb6045adc", size = 130112, upload-time = "2026-08-14T16:13:03.404Z" },
    { url = "https://files.pythonhosted.org/packages/ee/49/6e6142999ca01509219be5e5a9c338a3e5ea011f63e91ff473fbbf3734ed/orjson-3.12.0-cp314-cp314-manylinux_2_17_aarch64.manylinux2014_aarch64.whl", hash = "sha256:f06dd838d1e07d9b1de0932ec0485ec92c4d5f5d1ad4817a656268c3e88be1e1", size = 130520, upload-time = "2026-08-14T16:13:04.798Z" },
    { url = "https://files.pythonhosted.org/packages/49/d0/3745af0a4cc9867784f29722929cec4d10bd1c877cd754b01ba6d96eb21a/orjson-3.12.0-cp314-cp314-manylinux_2_17_x86_64.manylinux2014_x86_64.whl", hash = "sha256:c6b11be792c3d2c6a4be2af4ebf97a68d0bf5f580aca6e86a418a354f6cc846a", size = 131053, upload-time = "2026-08-14T16:13:06.14Z" },
    { url = "https://files.pythonhosted.org/packages/c3/f4/6fe5a22fa478fffb190e65c338c84df5c311ef597b363150a17cc57063c0/orjson-3.12.0-cp314-cp314-musllinux_1_2_aarch64.whl", hash = "sha256:477ecaf6b9f88f873341b91fcc736119ca81b5e002a9f7f308ff5b4f2ce2a70e", size = 135321, upload-time = "2026-08-14T16:13:07.544Z" },
    { url = "https://files.pythonhosted.org/packages/ff/41/b1b0ec30289646a81a76e2dbaae2686b96fcccb7cb0323dc1dd78cbc7875/orjson-3.12.0-cp314-cp314-musllinux_1_2_x86_64.whl", hash = "sha256:f3c0683136acdc29afdf88a5bc2f7d3d0e34087788d1d63c0144b805a87a196f", size = 127485, upload-time = "2026-08-14T16:13:08.88Z" },
    { url = "https://files.pythonhosted.org/packages/bf/2b/277404bdcc21c93b112b963655b76443ebfe828f8a3ff1de7d90f8850eb3/orjson-3.12.0-cp314-cp314-win32.whl", hash = "sha256:d39f3f5c3927e2dc0913fe5bbc1a2f6b1b9d1bba1de6358340d0ad0d0c00ca92", size = 128048, upload-time = "2026-08-14T16:13:10.305Z" },
    { url = "https://files.pythonhosted.org/packages/41/2b/395b36fa2b4ce7af70b651d715e88f80d884b2c2b14a6b53e84d554fb5f0/orjson-3.12.0-cp314-cp314-win_amd64.whl", hash = "sha256:0b1ac5bf6609b2716c7954011c5fef6254922df029f45d032ee4ebf5d363cbed", size = 121858, upload-time = "2026-08-14T16:13:11.634Z" },
    { url = "https://files.pythonhosted.org/packages/ea/a3/833e895ff452859eebe75093d26691fe9108f1a7a6a08435d7a5780ea652/orjson-3.12.0-cp314-cp314-win_arm64.whl", hash = "sha256:50fae885cb073eac7556353ff3df93312b0d5137b0a5056b2bb63f97ed9a93c7", size = 126749, upload-time = "2026-08-14T16:13:13.117Z" },
]

[[package]]
name = "packaging"
version = "26.3"
source = { registry = "https://pypi.org/simple" }
sdist = { url = "https://files.pythonhosted.org/packages/7d/fa/3944b40b07da9ce895c0e6303a5ab7d53da063554f534556b134a54d6093/packaging-26.3.tar.gz", hash = "sha256:94edc256424af38762eb31306eed28beb9f0efc50a8837492c9d6fd6004aed79", size = 313412, upload-time = "2026-08-04T18:15:28.737Z" }
wheels = [
    { url = "https://files.pythonhosted.org/packages/63/34/ba1c580383c9eada3711951fef0795c80b829a078d72188184bcab9dd527/packaging-26.3-py3-none-any.whl", hash = "sha256:d7193f7c8e4e93f444fde0262bf90af30e16fa0ad0ad44cb553c87339b23cd1c", size = 129956, upload-time = "2026-08-04T18:15:27.159Z" },
]

[[package]]
name = "pluggy"
version = "1.6.0"
source = { registry = "https://pypi.org/simple" }
sdist = { url = "https://files.pythonhosted.org/packages/f9/e2/3e91f31a7d2b083fe6ef3fa267035b518369d9511ffab804f839851d2779/pluggy-1.6.0.tar.gz", hash = "sha256:7dcc130b76258d33b90f61b658791dede3486c3e6bfb003ee5c9bfb396dd22f3", size = 69412, upload-time = "2025-05-15T12:30:07.975Z" }
wheels = [
    { url = "https://files.pythonhosted.org/packages/54/20/4d324d65cc6d9205fabedc306948156824eb9f0ee1633355a8f7ec5c66bf/pluggy-1.6.0-py3-none-any.whl", hash = "sha256:e920276dd6813095e9377c0bc5566d94c932c33b27a3e3945d8389c374dd4746", size = 20538, upload-time = "2025-05-15T12:30:06.134Z" },
]

[[package]]
name = "pygments"
version = "2.21.0"
source = { registry = "https://pypi.org/simple" }
sdist = { url = "https://files.pythonhosted.org/packages/49/2e/ced460408999b33da6b31b0021b0f37d329e202d4169aeb164493778f25b/pygments-2.21.0.tar.gz", hash = "sha256:610ca751c9bc2492b38eb9a38a7fbc93edbbb2d7182edaf34e66ae493dee5c8c", size = 5005329, upload-time = "2026-08-17T08:02:48.824Z" }
wheels = [
    { url = "https://files.pythonhosted.org/packages/71/46/17f022dd3e953bf20a04a028a21ec746d942f8d2af30fa0f124fa0e6a684/pygments-2.21.0-py3-none-any.whl", hash = "sha256:2363c69b61c4a97c838da3b130dcd6468f4848992b21a82f2a63ec34377137d9", size = 1250147, upload-time = "2026-08-17T08:02:44.912Z" },
]

[[package]]
name = "pytest"
version = "9.1.1"
source = { registry = "https://pypi.org/simple" }
dependencies = [
    { name = "colorama", marker = "sys_platform == 'win32'" },
    { name = "iniconfig" },
    { name = "packaging" },
    { name = "pluggy" },
    { name = "pygments" },
]
sdist = { url = "https://files.pythonhosted.org/packages/e4/47/b9efed96c114afcfa3c9d3fe98a76a1d14c74a9e266d397cf6eb64be5e01/pytest-9.1.1.tar.gz", hash = "sha256:1088fbde8f2b49d95a549a195707afa7a76a3ce9bcadc26b6d71f0ffda5fe313", size = 1636369, upload-time = "2026-06-19T10:58:32.857Z" }
wheels = [
    { url = "https://files.pythonhosted.org/packages/24/25/1de2678b631f5a49215c6c96fff41ba892b0a34df68d6d80292b1b48aa7f/pytest-9.1.1-py3-none-any.whl", hash = "sha256:37a86b45efb9a47a61a36449063e8e18d0cab3161329fc099eb21783169c4f0c", size = 386536, upload-time = "2026-06-19T10:58:31.347Z" },
]

[[package]]
name = "spike-gm-design-1wd-1"
version = "0.0.0"
source = { virtual = "." }
dependencies = [
    { name = "lxml" },
    { name = "orjson" },
]

[package.dev-dependencies]
dev = [
    { name = "pytest" },
]

[package.metadata]
requires-dist = [
    { name = "lxml", specifier = "==6.1.3" },
    { name = "orjson", specifier = "==3.12.0" },
]

[package.metadata.requires-dev]
dev = [{ name = "pytest", specifier = "==9.1.1" }]
